// !$*UTF8*$!
{
	archiveVersion = 1;
	classes = {
	};
	objectVersion = 48;
	objects = {

/* Begin PBXBuildFile section */
		65E6257C20DCA00000A549BD /* AppDelegate.m in Sources */ = {isa = PBXBuildFile; fileRef = 65E6257B20DCA00000A549BD /* AppDelegate.m */; };
		65E6257F20DCA00000A549BD /* ViewController.m in Sources */ = {isa = PBXBuildFile; fileRef = 65E6257E20DCA00000A549BD /* ViewController.m */; };
		65E6258220DCA00000A549BD /* Main.storyboard in Resources */ = {isa = PBXBuildFile; fileRef = 65E6258020DCA00000A549BD /* Main.storyboard */; };
		65E6258420DCA00000A549BD /* Assets.xcassets in Resources */ = {isa = PBXBuildFile; fileRef = 65E6258320DCA00000A549BD /* Assets.xcassets */; };
		65E6258720DCA00000A549BD /* LaunchScreen.storyboard in Resources */ = {isa = PBXBuildFile; fileRef = 65E6258520DCA00000A549BD /* LaunchScreen.storyboard */; };
		65E6258A20DCA00000A549BD /* main.m in Sources */ = {isa = PBXBuildFile; fileRef = 65E6258920DCA00000A549BD /* main.m */; };
		65E6259420DCA00000A549BD /* takeVideoDemoTests.m in Sources */ = {isa = PBXBuildFile; fileRef = 65E6259320DCA00000A549BD /* takeVideoDemoTests.m */; };
		65E6259F20DCA00000A549BD /* takeVideoDemoUITests.m in Sources */ = {isa = PBXBuildFile; fileRef = 65E6259E20DCA00000A549BD /* takeVideoDemoUITests.m */; };
		65E625AE20DCA12000A549BD /* TakeVideoVC.m in Sources */ = {isa = PBXBuildFile; fileRef = 65E625AD20DCA12000A549BD /* TakeVideoVC.m */; };
/* End PBXBuildFile section */

/* Begin PBXContainerItemProxy section */
		65E6259020DCA00000A549BD /* PBXContainerItemProxy */ = {
			isa = PBXContainerItemProxy;
			containerPortal = 65E6256F20DCA00000A549BD /* Project object */;
			proxyType = 1;
			remoteGlobalIDString = 65E6257620DCA00000A549BD;
			remoteInfo = takeVideoDemo;
		};
		65E6259B20DCA00000A549BD /* PBXContainerItemProxy */ = {
			isa = PBXContainerItemProxy;
			containerPortal = 65E6256F20DCA00000A549BD /* Project object */;
			proxyType = 1;
			remoteGlobalIDString = 65E6257620DCA00000A549BD;
			remoteInfo = takeVideoDemo;
		};
/* End PBXContainerItemProxy section */

/* Begin PBXFileReference section */
		65E6257720DCA00000A549BD /* takeVideoDemo.app */ = {isa = PBXFileReference; explicitFileType = wrapper.application; includeInIndex = 0; path = takeVideoDemo.app; sourceTree = BUILT_PRODUCTS_DIR; };
		65E6257A20DCA00000A549BD /* AppDelegate.h */ = {isa = PBXFileReference; lastKnownFileType = sourcecode.c.h; path = AppDelegate.h; sourceTree = "<group>"; };
		65E6257B20DCA00000A549BD /* AppDelegate.m */ = {isa = PBXFileReference; lastKnownFileType = sourcecode.c.objc; path = AppDelegate.m; sourceTree = "<group>"; };
		65E6257D20DCA00000A549BD /* ViewController.h */ = {isa = PBXFileReference; lastKnownFileType = sourcecode.c.h; path = ViewController.h; sourceTree = "<group>"; };
		65E6257E20DCA00000A549BD /* ViewController.m */ = {isa = PBXFileReference; lastKnownFileType = sourcecode.c.objc; path = ViewController.m; sourceTree = "<group>"; };
		65E6258120DCA00000A549BD /* Base */ = {isa = PBXFileReference; lastKnownFileType = file.storyboard; name = Base; path = Base.lproj/Main.storyboard; sourceTree = "<group>"; };
		65E6258320DCA00000A549BD /* Assets.xcassets */ = {isa = PBXFileReference; lastKnownFileType = folder.assetcatalog; path = Assets.xcassets; sourceTree = "<group>"; };
		65E6258620DCA00000A549BD /* Base */ = {isa = PBXFileReference; lastKnownFileType = file.storyboard; name = Base; path = Base.lproj/LaunchScreen.storyboard; sourceTree = "<group>"; };
		65E6258820DCA00000A549BD /* Info.plist */ = {isa = PBXFileReference; lastKnownFileType = text.plist.xml; path = Info.plist; sourceTree = "<group>"; };
		65E6258920DCA00000A549BD /* main.m */ = {isa = PBXFileReference; lastKnownFileType = sourcecode.c.objc; path = main.m; sourceTree = "<group>"; };
		65E6258F20DCA00000A549BD /* takeVideoDemoTests.xctest */ = {isa = PBXFileReference; explicitFileType = wrapper.cfbundle; includeInIndex = 0; path = takeVideoDemoTests.xctest; sourceTree = BUILT_PRODUCTS_DIR; };
		65E6259320DCA00000A549BD /* takeVideoDemoTests.m */ = {isa = PBXFileReference; lastKnownFileType = sourcecode.c.objc; path = takeVideoDemoTests.m; sourceTree = "<group>"; };
		65E6259520DCA00000A549BD /* Info.plist */ = {isa = PBXFileReference; lastKnownFileType = text.plist.xml; path = Info.plist; sourceTree = "<group>"; };
		65E6259A20DCA00000A549BD /* takeVideoDemoUITests.xctest */ = {isa = PBXFileReference; explicitFileType = wrapper.cfbundle; includeInIndex = 0; path = takeVideoDemoUITests.xctest; sourceTree = BUILT_PRODUCTS_DIR; };
		65E6259E20DCA00000A549BD /* takeVideoDemoUITests.m */ = {isa = PBXFileReference; lastKnownFileType = sourcecode.c.objc; path = takeVideoDemoUITests.m; sourceTree = "<group>"; };
		65E625A020DCA00000A549BD /* Info.plist */ = {isa = PBXFileReference; lastKnownFileType = text.plist.xml; path = Info.plist; sourceTree = "<group>"; };
		65E625AC20DCA12000A549BD /* TakeVideoVC.h */ = {isa = PBXFileReference; lastKnownFileType = sourcecode.c.h; path = TakeVideoVC.h; sourceTree = "<group>"; };
		65E625AD20DCA12000A549BD /* TakeVideoVC.m */ = {isa = PBXFileReference; lastKnownFileType = sourcecode.c.objc; path = TakeVideoVC.m; sourceTree = "<group>"; };
/* End PBXFileReference section */

/* Begin PBXFrameworksBuildPhase section */
		65E6257420DCA00000A549BD /* Frameworks */ = {
			isa = PBXFrameworksBuildPhase;
			buildActionMask = 2147483647;
			files = (
			);
			runOnlyForDeploymentPostprocessing = 0;
		};
		65E6258C20DCA00000A549BD /* Frameworks */ = {
			isa = PBXFrameworksBuildPhase;
			buildActionMask = 2147483647;
			files = (
			);
			runOnlyForDeploymentPostprocessing = 0;
		};
		65E6259720DCA00000A549BD /* Frameworks */ = {
			isa = PBXFrameworksBuildPhase;
			buildActionMask = 2147483647;
			files = (
			);
			runOnlyForDeploymentPostprocessing = 0;
		};
/* End PBXFrameworksBuildPhase section */

/* Begin PBXGroup section */
		65E6256E20DCA00000A549BD = {
			isa = PBXGroup;
			children = (
				65E6257920DCA00000A549BD /* takeVideoDemo */,
				65E6259220DCA00000A549BD /* takeVideoDemoTests */,
				65E6259D20DCA00000A549BD /* takeVideoDemoUITests */,
				65E6257820DCA00000A549BD /* Products */,
			);
			sourceTree = "<group>";
		};
		65E6257820DCA00000A549BD /* Products */ = {
			isa = PBXGroup;
			children = (
				65E6257720DCA00000A549BD /* takeVideoDemo.app */,
				65E6258F20DCA00000A549BD /* takeVideoDemoTests.xctest */,
				65E6259A20DCA00000A549BD /* takeVideoDemoUITests.xctest */,
			);
			name = Products;
			sourceTree = "<group>";
		};
		65E6257920DCA00000A549BD /* takeVideoDemo */ = {
			isa = PBXGroup;
			children = (
				65E6257A20DCA00000A549BD /* AppDelegate.h */,
				65E6257B20DCA00000A549BD /* AppDelegate.m */,
				65E6257D20DCA00000A549BD /* ViewController.h */,
				65E6257E20DCA00000A549BD /* ViewController.m */,
				65E6258020DCA00000A549BD /* Main.storyboard */,
				65E6258320DCA00000A549BD /* Assets.xcassets */,
				65E6258520DCA00000A549BD /* LaunchScreen.storyboard */,
				65E6258820DCA00000A549BD /* Info.plist */,
				65E6258920DCA00000A549BD /* main.m */,
				65E625AC20DCA12000A549BD /* TakeVideoVC.h */,
				65E625AD20DCA12000A549BD /* TakeVideoVC.m */,
			);
			path = takeVideoDemo;
			sourceTree = "<group>";
		};
		65E6259220DCA00000A549BD /* takeVideoDemoTests */ = {
			isa = PBXGroup;
			children = (
				65E6259320DCA00000A549BD /* takeVideoDemoTests.m */,
				65E6259520DCA00000A549BD /* Info.plist */,
			);
			path = takeVideoDemoTests;
			sourceTree = "<group>";
		};
		65E6259D20DCA00000A549BD /* takeVideoDemoUITests */ = {
			isa = PBXGroup;
			children = (
				65E6259E20DCA00000A549BD /* takeVideoDemoUITests.m */,
				65E625A020DCA00000A549BD /* Info.plist */,
			);
			path = takeVideoDemoUITests;
			sourceTree = "<group>";
		};
/* End PBXGroup section */

/* Begin PBXNativeTarget section */
		65E6257620DCA00000A549BD /* takeVideoDemo */ = {
			isa = PBXNativeTarget;
			buildConfigurationList = 65E625A320DCA00000A549BD /* Build configuration list for PBXNativeTarget "takeVideoDemo" */;
			buildPhases = (
				65E6257320DCA00000A549BD /* Sources */,
				65E6257420DCA00000A549BD /* Frameworks */,
				65E6257520DCA00000A549BD /* Resources */,
			);
			buildRules = (
			);
			dependencies = (
			);
			name = takeVideoDemo;
			productName = takeVideoDemo;
			productReference = 65E6257720DCA00000A549BD /* takeVideoDemo.app */;
			productType = "com.apple.product-type.application";
		};
		65E6258E20DCA00000A549BD /* takeVideoDemoTests */ = {
			isa = PBXNativeTarget;
			buildConfigurationList = 65E625A620DCA00000A549BD /* Build configuration list for PBXNativeTarget "takeVideoDemoTests" */;
			buildPhases = (
				65E6258B20DCA00000A549BD /* Sources */,
				65E6258C20DCA00000A549BD /* Frameworks */,
				65E6258D20DCA00000A549BD /* Resources */,
			);
			buildRules = (
			);
			dependencies = (
				65E6259120DCA00000A549BD /* PBXTargetDependency */,
			);
			name = takeVideoDemoTests;
			productName = takeVideoDemoTests;
			productReference = 65E6258F20DCA00000A549BD /* takeVideoDemoTests.xctest */;
			productType = "com.apple.product-type.bundle.unit-test";
		};
		65E6259920DCA00000A549BD /* takeVideoDemoUITests */ = {
			isa = PBXNativeTarget;
			buildConfigurationList = 65E625A920DCA00000A549BD /* Build configuration list for PBXNativeTarget "takeVideoDemoUITests" */;
			buildPhases = (
				65E6259620DCA00000A549BD /* Sources */,
				65E6259720DCA00000A549BD /* Frameworks */,
				65E6259820DCA00000A549BD /* Resources */,
			);
			buildRules = (
			);
			dependencies = (
				65E6259C20DCA00000A549BD /* PBXTargetDependency */,
			);
			name = takeVideoDemoUITests;
			productName = takeVideoDemoUITests;
			productReference = 65E6259A20DCA00000A549BD /* takeVideoDemoUITests.xctest */;
			productType = "com.apple.product-type.bundle.ui-testing";
		};
/* End PBXNativeTarget section */

/* Begin PBXProject section */
		65E6256F20DCA00000A549BD /* Project object */ = {
			isa = PBXProject;
			attributes = {
				LastUpgradeCheck = 0920;
				ORGANIZATIONNAME = "信达";
				TargetAttributes = {
					65E6257620DCA00000A549BD = {
						CreatedOnToolsVersion = 9.2;
						ProvisioningStyle = Automatic;
					};
					65E6258E20DCA00000A549BD = {
						CreatedOnToolsVersion = 9.2;
						ProvisioningStyle = Automatic;
						TestTargetID = 65E6257620DCA00000A549BD;
					};
					65E6259920DCA00000A549BD = {
						CreatedOnToolsVersion = 9.2;
						ProvisioningStyle = Automatic;
						TestTargetID = 65E6257620DCA00000A549BD;
					};
				};
			};
			buildConfigurationList = 65E6257220DCA00000A549BD /* Build configuration list for PBXProject "takeVideoDemo" */;
			compatibilityVersion = "Xcode 8.0";
			developmentRegion = en;
			hasScannedForEncodings = 0;
			knownRegions = (
				en,
				Base,
			);
			mainGroup = 65E6256E20DCA00000A549BD;
			productRefGroup = 65E6257820DCA00000A549BD /* Products */;
			projectDirPath = "";
			projectRoot = "";
			targets = (
				65E6257620DCA00000A549BD /* takeVideoDemo */,
				65E6258E20DCA00000A549BD /* takeVideoDemoTests */,
				65E6259920DCA00000A549BD /* takeVideoDemoUITests */,
			);
		};
/* End PBXProject section */

/* Begin PBXResourcesBuildPhase section */
		65E6257520DCA00000A549BD /* Resources */ = {
			isa = PBXResourcesBuildPhase;
			buildActionMask = 2147483647;
			files = (
				65E6258720DCA00000A549BD /* LaunchScreen.storyboard in Resources */,
				65E6258420DCA00000A549BD /* Assets.xcassets in Resources */,
				65E6258220DCA00000A549BD /* Main.storyboard in Resources */,
			);
			runOnlyForDeploymentPostprocessing = 0;
		};
		65E6258D20DCA00000A549BD /* Resources */ = {
			isa = PBXResourcesBuildPhase;
			buildActionMask = 2147483647;
			files = (
			);
			runOnlyForDeploymentPostprocessing = 0;
		};
		65E6259820DCA00000A549BD /* Resources */ = {
			isa = PBXResourcesBuildPhase;
			buildActionMask = 2147483647;
			files = (
			);
			runOnlyForDeploymentPostprocessing = 0;
		};
/* End PBXResourcesBuildPhase section */

/* Begin PBXSourcesBuildPhase section */
		65E6257320DCA00000A549BD /* Sources */ = {
			isa = PBXSourcesBuildPhase;
			buildActionMask = 2147483647;
			files = (
				65E6257F20DCA00000A549BD /* ViewController.m in Sources */,
				65E625AE20DCA12000A549BD /* TakeVideoVC.m in Sources */,
				65E6258A20DCA00000A549BD /* main.m in Sources */,
				65E6257C20DCA00000A549BD /* AppDelegate.m in Sources */,
			);
			runOnlyForDeploymentPostprocessing = 0;
		};
		65E6258B20DCA00000A549BD /* Sources */ = {
			isa = PBXSourcesBuildPhase;
			buildActionMask = 2147483647;
			files = (
				65E6259420DCA00000A549BD /* takeVideoDemoTests.m in Sources */,
			);
			runOnlyForDeploymentPostprocessing = 0;
		};
		65E6259620DCA00000A549BD /* Sources */ = {
			isa = PBXSourcesBuildPhase;
			buildActionMask = 2147483647;
			files = (
				65E6259F20DCA00000A549BD /* takeVideoDemoUITests.m in Sources */,
			);
			runOnlyForDeploymentPostprocessing = 0;
		};
/* End PBXSourcesBuildPhase section */

/* Begin PBXTargetDependency section */
		65E6259120DCA00000A549BD /* PBXTargetDependency */ = {
			isa = PBXTargetDependency;
			target = 65E6257620DCA00000A549BD /* takeVideoDemo */;
			targetProxy = 65E6259020DCA00000A549BD /* PBXContainerItemProxy */;
		};
		65E6259C20DCA00000A549BD /* PBXTargetDependency */ = {
			isa = PBXTargetDependency;
			target = 65E6257620DCA00000A549BD /* takeVideoDemo */;
			targetProxy = 65E6259B20DCA00000A549BD /* PBXContainerItemProxy */;
		};
/* End PBXTargetDependency section */

/* Begin PBXVariantGroup section */
		65E6258020DCA00000A549BD /* Main.storyboard */ = {
			isa = PBXVariantGroup;
			children = (
				65E6258120DCA00000A549BD /* Base */,
			);
			name = Main.storyboard;
			sourceTree = "<group>";
		};
		65E6258520DCA00000A549BD /* LaunchScreen.storyboard */ = {
			isa = PBXVariantGroup;
			children = (
				65E6258620DCA00000A549BD /* Base */,
			);
			name = LaunchScreen.storyboard;
			sourceTree = "<group>";
		};
/* End PBXVariantGroup section */

/* Begin XCBuildConfiguration section */
		65E625A120DCA00000A549BD /* Debug */ = {
			isa = XCBuildConfiguration;
			buildSettings = {
				ALWAYS_SEARCH_USER_PATHS = NO;
				CLANG_ANALYZER_NONNULL = YES;
				CLANG_ANALYZER_NUMBER_OBJECT_CONVERSION = YES_AGGRESSIVE;
				CLANG_CXX_LANGUAGE_STANDARD = "gnu++14";
				CLANG_CXX_LIBRARY = "libc++";
				CLANG_ENABLE_MODULES = YES;
				CLANG_ENABLE_OBJC_ARC = YES;
				CLANG_WARN_BLOCK_CAPTURE_AUTORELEASING = YES;
				CLANG_WARN_BOOL_CONVERSION = YES;
				CLANG_WARN_COMMA = YES;
				CLANG_WARN_CONSTANT_CONVERSION = YES;
				CLANG_WARN_DIRECT_OBJC_ISA_USAGE = YES_ERROR;
				CLANG_WARN_DOCUMENTATION_COMMENTS = YES;
				CLANG_WARN_EMPTY_BODY = YES;
				CLANG_WARN_ENUM_CONVERSION = YES;
				CLANG_WARN_INFINITE_RECURSION = YES;
				CLANG_WARN_INT_CONVERSION = YES;
				CLANG_WARN_NON_LITERAL_NULL_CONVERSION = YES;
				CLANG_WARN_OBJC_LITERAL_CONVERSION = YES;
				CLANG_WARN_OBJC_ROOT_CLASS = YES_ERROR;
				CLANG_WARN_RANGE_LOOP_ANALYSIS = YES;
				CLANG_WARN_STRICT_PROTOTYPES = YES;
				CLANG_WARN_SUSPICIOUS_MOVE = YES;
				CLANG_WARN_UNGUARDED_AVAILABILITY = YES_AGGRESSIVE;
				CLANG_WARN_UNREACHABLE_CODE = YES;
				CLANG_WARN__DUPLICATE_METHOD_MATCH = YES;
				CODE_SIGN_IDENTITY = "iPhone Developer";
				COPY_PHASE_STRIP = NO;
				DEBUG_INFORMATION_FORMAT = dwarf;
				ENABLE_STRICT_OBJC_MSGSEND = YES;
				ENABLE_TESTABILITY = YES;
				GCC_C_LANGUAGE_STANDARD = gnu11;
				GCC_DYNAMIC_NO_PIC = NO;
				GCC_NO_COMMON_BLOCKS = YES;
				GCC_OPTIMIZATION_LEVEL = 0;
				GCC_PREPROCESSOR_DEFINITIONS = (
					"DEBUG=1",
					"$(inherited)",
				);
				GCC_WARN_64_TO_32_BIT_CONVERSION = YES;
				GCC_WARN_ABOUT_RETURN_TYPE = YES_ERROR;
				GCC_WARN_UNDECLARED_SELECTOR = YES;
				GCC_WARN_UNINITIALIZED_AUTOS = YES_AGGRESSIVE;
				GCC_WARN_UNUSED_FUNCTION = YES;
				GCC_WARN_UNUSED_VARIABLE = YES;
				IPHONEOS_DEPLOYMENT_TARGET = 11.2;
				MTL_ENABLE_DEBUG_INFO = YES;
				ONLY_ACTIVE_ARCH = YES;
				SDKROOT = iphoneos;
			};
			name = Debug;
		};
		65E625A220DCA00000A549BD /* Release */ = {
			isa = XCBuildConfiguration;
			buildSettings = {
				ALWAYS_SEARCH_USER_PATHS = NO;
				CLANG_ANALYZER_NONNULL = YES;
				CLANG_ANALYZER_NUMBER_OBJECT_CONVERSION = YES_AGGRESSIVE;
				CLANG_CXX_LANGUAGE_STANDARD = "gnu++14";
				CLANG_CXX_LIBRARY = "libc++";
				CLANG_ENABLE_MODULES = YES;
				CLANG_ENABLE_OBJC_ARC = YES;
				CLANG_WARN_BLOCK_CAPTURE_AUTORELEASING = YES;
				CLANG_WARN_BOOL_CONVERSION = YES;
				CLANG_WARN_COMMA = YES;
				CLANG_WARN_CONSTANT_CONVERSION = YES;
				CLANG_WARN_DIRECT_OBJC_ISA_USAGE = YES_ERROR;
				CLANG_WARN_DOCUMENTATION_COMMENTS = YES;
				CLANG_WARN_EMPTY_BODY = YES;
				CLANG_WARN_ENUM_CONVERSION = YES;
				CLANG_WARN_INFINITE_RECURSION = YES;
				CLANG_WARN_INT_CONVERSION = YES;
				CLANG_WARN_NON_LITERAL_NULL_CONVERSION = YES;
				CLANG_WARN_OBJC_LITERAL_CONVERSION = YES;
				CLANG_WARN_OBJC_ROOT_CLASS = YES_ERROR;
				CLANG_WARN_RANGE_LOOP_ANALYSIS = YES;
				CLANG_WARN_STRICT_PROTOTYPES = YES;
				CLANG_WARN_SUSPICIOUS_MOVE = YES;
				CLANG_WARN_UNGUARDED_AVAILABILITY = YES_AGGRESSIVE;
				CLANG_WARN_UNREACHABLE_CODE = YES;
				CLANG_WARN__DUPLICATE_METHOD_MATCH = YES;
				CODE_SIGN_IDENTITY = "iPhone Developer";
				COPY_PHASE_STRIP = NO;
				DEBUG_INFORMATION_FORMAT = "dwarf-with-dsym";
				ENABLE_NS_ASSERTIONS = NO;
				ENABLE_STRICT_OBJC_MSGSEND = YES;
				GCC_C_LANGUAGE_STANDARD = gnu11;
				GCC_NO_COMMON_BLOCKS = YES;
				GCC_WARN_64_TO_32_BIT_CONVERSION = YES;
				GCC_WARN_ABOUT_RETURN_TYPE = YES_ERROR;
				GCC_WARN_UNDECLARED_SELECTOR = YES;
				GCC_WARN_UNINITIALIZED_AUTOS = YES_AGGRESSIVE;
				GCC_WARN_UNUSED_FUNCTION = YES;
				GCC_WARN_UNUSED_VARIABLE = YES;
				IPHONEOS_DEPLOYMENT_TARGET = 11.2;
				MTL_ENABLE_DEBUG_INFO = NO;
				SDKROOT = iphoneos;
				VALIDATE_PRODUCT = YES;
			};
			name = Release;
		};
		65E625A420DCA00000A549BD /* Debug */ = {
			isa = XCBuildConfiguration;
			buildSettings = {
				ASSETCATALOG_COMPILER_APPICON_NAME = AppIcon;
				CODE_SIGN_STYLE = Automatic;
				DEVELOPMENT_TEAM = 2PG59X4CHD;
				INFOPLIST_FILE = takeVideoDemo/Info.plist;
				LD_RUNPATH_SEARCH_PATHS = "$(inherited) @executable_path/Frameworks";
				PRODUCT_BUNDLE_IDENTIFIER = com.xinda.takeVideoDemo;
				PRODUCT_NAME = "$(TARGET_NAME)";
				TARGETED_DEVICE_FAMILY = "1,2";
			};
			name = Debug;
		};
		65E625A520DCA00000A549BD /* Release */ = {
			isa = XCBuildConfiguration;
			buildSettings = {
				ASSETCATALOG_COMPILER_APPICON_NAME = AppIcon;
				CODE_SIGN_STYLE = Automatic;
				DEVELOPMENT_TEAM = 2PG59X4CHD;
				INFOPLIST_FILE = takeVideoDemo/Info.plist;
				LD_RUNPATH_SEARCH_PATHS = "$(inherited) @executable_path/Frameworks";
				PRODUCT_BUNDLE_IDENTIFIER = com.xinda.takeVideoDemo;
				PRODUCT_NAME = "$(TARGET_NAME)";
				TARGETED_DEVICE_FAMILY = "1,2";
			};
			name = Release;
		};
		65E625A720DCA00000A549BD /* Debug */ = {
			isa = XCBuildConfiguration;
			buildSettings = {
				BUNDLE_LOADER = "$(TEST_HOST)";
				CODE_SIGN_STYLE = Automatic;
				DEVELOPMENT_TEAM = 2PG59X4CHD;
				INFOPLIST_FILE = takeVideoDemoTests/Info.plist;
				LD_RUNPATH_SEARCH_PATHS = "$(inherited) @executable_path/Frameworks @loader_path/Frameworks";
				PRODUCT_BUNDLE_IDENTIFIER = com.xinda.takeVideoDemoTests;
				PRODUCT_NAME = "$(TARGET_NAME)";
				TARGETED_DEVICE_FAMILY = "1,2";
				TEST_HOST = "$(BUILT_PRODUCTS_DIR)/takeVideoDemo.app/takeVideoDemo";
			};
			name = Debug;
		};
		65E625A820DCA00000A549BD /* Release */ = {
			isa = XCBuildConfiguration;
			buildSettings = {
				BUNDLE_LOADER = "$(TEST_HOST)";
				CODE_SIGN_STYLE = Automatic;
				DEVELOPMENT_TEAM = 2PG59X4CHD;
				INFOPLIST_FILE = takeVideoDemoTests/Info.plist;
				LD_RUNPATH_SEARCH_PATHS = "$(inherited) @executable_path/Frameworks @loader_path/Frameworks";
				PRODUCT_BUNDLE_IDENTIFIER = com.xinda.takeVideoDemoTests;
				PRODUCT_NAME = "$(TARGET_NAME)";
				TARGETED_DEVICE_FAMILY = "1,2";
				TEST_HOST = "$(BUILT_PRODUCTS_DIR)/takeVideoDemo.app/takeVideoDemo";
			};
			name = Release;
		};
		65E625AA20DCA00000A549BD /* Debug */ = {
			isa = XCBuildConfiguration;
			buildSettings = {
				CODE_SIGN_STYLE = Automatic;
				DEVELOPMENT_TEAM = 2PG59X4CHD;
				INFOPLIST_FILE = takeVideoDemoUITests/Info.plist;
				LD_RUNPATH_SEARCH_PATHS = "$(inherited) @executable_path/Frameworks @loader_path/Frameworks";
				PRODUCT_BUNDLE_IDENTIFIER = com.xinda.takeVideoDemoUITests;
				PRODUCT_NAME = "$(TARGET_NAME)";
				TARGETED_DEVICE_FAMILY = "1,2";
				TEST_TARGET_NAME = takeVideoDemo;
			};
			name = Debug;
		};
		65E625AB20DCA00000A549BD /* Release */ = {
			isa = XCBuildConfiguration;
			buildSettings = {
				CODE_SIGN_STYLE = Automatic;
				DEVELOPMENT_TEAM = 2PG59X4CHD;
				INFOPLIST_FILE = takeVideoDemoUITests/Info.plist;
				LD_RUNPATH_SEARCH_PATHS = "$(inherited) @executable_path/Frameworks @loader_path/Frameworks";
				PRODUCT_BUNDLE_IDENTIFIER = com.xinda.takeVideoDemoUITests;
				PRODUCT_NAME = "$(TARGET_NAME)";
				TARGETED_DEVICE_FAMILY = "1,2";
				TEST_TARGET_NAME = takeVideoDemo;
			};
			name = Release;
		};
/* End XCBuildConfiguration section */

/* Begin XCConfigurationList section */
		65E6257220DCA00000A549BD /* Build configuration list for PBXProject "takeVideoDemo" */ = {
			isa = XCConfigurationList;
			buildConfigurations = (
				65E625A120DCA00000A549BD /* Debug */,
				65E625A220DCA00000A549BD /* Release */,
			);
			defaultConfigurationIsVisible = 0;
			defaultConfigurationName = Release;
		};
		65E625A320DCA00000A549BD /* Build configuration list for PBXNativeTarget "takeVideoDemo" */ = {
			isa = XCConfigurationList;
			buildConfigurations = (
				65E625A420DCA00000A549BD /* Debug */,
				65E625A520DCA00000A549BD /* Release */,
			);
			defaultConfigurationIsVisible = 0;
			defaultConfigurationName = Release;
		};
		65E625A620DCA00000A549BD /* Build configuration list for PBXNativeTarget "takeVideoDemoTests" */ = {
			isa = XCConfigurationList;
			buildConfigurations = (
				65E625A720DCA00000A549BD /* Debug */,
				65E625A820DCA00000A549BD /* Release */,
			);
			defaultConfigurationIsVisible = 0;
			defaultConfigurationName = Release;
		};
		65E625A920DCA00000A549BD /* Build configuration list for PBXNativeTarget "takeVideoDemoUITests" */ = {
			isa = XCConfigurationList;
			buildConfigurations = (
				65E625AA20DCA00000A549BD /* Debug */,
				65E625AB20DCA00000A549BD /* Release */,
			);
			defaultConfigurationIsVisible = 0;
			defaultConfigurationName = Release;
		};
/* End XCConfigurationList section */
	};
	rootObject = 65E6256F20DCA00000A549BD /* Project object */;
}
