// !$*UTF8*$!
{
	archiveVersion = 1;
	classes = {
	};
	objectVersion = 48;
	objects = {

/* Begin PBXBuildFile section */
		3D5F99651FF5F2740002B987 /* AppDelegate.m in Sources */ = {isa = PBXBuildFile; fileRef = 3D5F99641FF5F2740002B987 /* AppDelegate.m */; };
		3D5F99681FF5F2740002B987 /* ViewController.m in Sources */ = {isa = PBXBuildFile; fileRef = 3D5F99671FF5F2740002B987 /* ViewController.m */; };
		3D5F996B1FF5F2740002B987 /* Main.storyboard in Resources */ = {isa = PBXBuildFile; fileRef = 3D5F99691FF5F2740002B987 /* Main.storyboard */; };
		3D5F996D1FF5F2740002B987 /* Assets.xcassets in Resources */ = {isa = PBXBuildFile; fileRef = 3D5F996C1FF5F2740002B987 /* Assets.xcassets */; };
		3D5F99701FF5F2740002B987 /* LaunchScreen.storyboard in Resources */ = {isa = PBXBuildFile; fileRef = 3D5F996E1FF5F2740002B987 /* LaunchScreen.storyboard */; };
		3D5F99731FF5F2740002B987 /* main.m in Sources */ = {isa = PBXBuildFile; fileRef = 3D5F99721FF5F2740002B987 /* main.m */; };
		3D5F997C1FF5F2E70002B987 /* YSLCustomButton.m in Sources */ = {isa = PBXBuildFile; fileRef = 3D5F997B1FF5F2E70002B987 /* YSLCustomButton.m */; };
/* End PBXBuildFile section */

/* Begin PBXFileReference section */
		3D5F99601FF5F2740002B987 /* YSLCustomButton.app */ = {isa = PBXFileReference; explicitFileType = wrapper.application; includeInIndex = 0; path = YSLCustomButton.app; sourceTree = BUILT_PRODUCTS_DIR; };
		3D5F99631FF5F2740002B987 /* AppDelegate.h */ = {isa = PBXFileReference; lastKnownFileType = sourcecode.c.h; path = AppDelegate.h; sourceTree = "<group>"; };
		3D5F99641FF5F2740002B987 /* AppDelegate.m */ = {isa = PBXFileReference; lastKnownFileType = sourcecode.c.objc; path = AppDelegate.m; sourceTree = "<group>"; };
		3D5F99661FF5F2740002B987 /* ViewController.h */ = {isa = PBXFileReference; lastKnownFileType = sourcecode.c.h; path = ViewController.h; sourceTree = "<group>"; };
		3D5F99671FF5F2740002B987 /* ViewController.m */ = {isa = PBXFileReference; lastKnownFileType = sourcecode.c.objc; path = ViewController.m; sourceTree = "<group>"; };
		3D5F996A1FF5F2740002B987 /* Base */ = {isa = PBXFileReference; lastKnownFileType = file.storyboard; name = Base; path = Base.lproj/Main.storyboard; sourceTree = "<group>"; };
		3D5F996C1FF5F2740002B987 /* Assets.xcassets */ = {isa = PBXFileReference; lastKnownFileType = folder.assetcatalog; path = Assets.xcassets; sourceTree = "<group>"; };
		3D5F996F1FF5F2740002B987 /* Base */ = {isa = PBXFileReference; lastKnownFileType = file.storyboard; name = Base; path = Base.lproj/LaunchScreen.storyboard; sourceTree = "<group>"; };
		3D5F99711FF5F2740002B987 /* Info.plist */ = {isa = PBXFileReference; lastKnownFileType = text.plist.xml; path = Info.plist; sourceTree = "<group>"; };
		3D5F99721FF5F2740002B987 /* main.m */ = {isa = PBXFileReference; lastKnownFileType = sourcecode.c.objc; path = main.m; sourceTree = "<group>"; };
		3D5F997A1FF5F2E70002B987 /* YSLCustomButton.h */ = {isa = PBXFileReference; fileEncoding = 4; lastKnownFileType = sourcecode.c.h; path = YSLCustomButton.h; sourceTree = "<group>"; };
		3D5F997B1FF5F2E70002B987 /* YSLCustomButton.m */ = {isa = PBXFileReference; fileEncoding = 4; lastKnownFileType = sourcecode.c.objc; path = YSLCustomButton.m; sourceTree = "<group>"; };
/* End PBXFileReference section */

/* Begin PBXFrameworksBuildPhase section */
		3D5F995D1FF5F2740002B987 /* Frameworks */ = {
			isa = PBXFrameworksBuildPhase;
			buildActionMask = 2147483647;
			files = (
			);
			runOnlyForDeploymentPostprocessing = 0;
		};
/* End PBXFrameworksBuildPhase section */

/* Begin PBXGroup section */
		3D5F99571FF5F2740002B987 = {
			isa = PBXGroup;
			children = (
				3D5F99621FF5F2740002B987 /* YSLCustomButton */,
				3D5F99611FF5F2740002B987 /* Products */,
			);
			sourceTree = "<group>";
		};
		3D5F99611FF5F2740002B987 /* Products */ = {
			isa = PBXGroup;
			children = (
				3D5F99601FF5F2740002B987 /* YSLCustomButton.app */,
			);
			name = Products;
			sourceTree = "<group>";
		};
		3D5F99621FF5F2740002B987 /* YSLCustomButton */ = {
			isa = PBXGroup;
			children = (
				3D5F99791FF5F2E70002B987 /* YSLCustom */,
				3D5F99631FF5F2740002B987 /* AppDelegate.h */,
				3D5F99641FF5F2740002B987 /* AppDelegate.m */,
				3D5F99661FF5F2740002B987 /* ViewController.h */,
				3D5F99671FF5F2740002B987 /* ViewController.m */,
				3D5F99691FF5F2740002B987 /* Main.storyboard */,
				3D5F996C1FF5F2740002B987 /* Assets.xcassets */,
				3D5F996E1FF5F2740002B987 /* LaunchScreen.storyboard */,
				3D5F99711FF5F2740002B987 /* Info.plist */,
				3D5F99721FF5F2740002B987 /* main.m */,
			);
			path = YSLCustomButton;
			sourceTree = "<group>";
		};
		3D5F99791FF5F2E70002B987 /* YSLCustom */ = {
			isa = PBXGroup;
			children = (
				3D5F997A1FF5F2E70002B987 /* YSLCustomButton.h */,
				3D5F997B1FF5F2E70002B987 /* YSLCustomButton.m */,
			);
			path = YSLCustom;
			sourceTree = "<group>";
		};
/* End PBXGroup section */

/* Begin PBXNativeTarget section */
		3D5F995F1FF5F2740002B987 /* YSLCustomButton */ = {
			isa = PBXNativeTarget;
			buildConfigurationList = 3D5F99761FF5F2740002B987 /* Build configuration list for PBXNativeTarget "YSLCustomButton" */;
			buildPhases = (
				3D5F995C1FF5F2740002B987 /* Sources */,
				3D5F995D1FF5F2740002B987 /* Frameworks */,
				3D5F995E1FF5F2740002B987 /* Resources */,
			);
			buildRules = (
			);
			dependencies = (
			);
			name = YSLCustomButton;
			productName = YSLCustomButton;
			productReference = 3D5F99601FF5F2740002B987 /* YSLCustomButton.app */;
			productType = "com.apple.product-type.application";
		};
/* End PBXNativeTarget section */

/* Begin PBXProject section */
		3D5F99581FF5F2740002B987 /* Project object */ = {
			isa = PBXProject;
			attributes = {
				LastUpgradeCheck = 0920;
				ORGANIZATIONNAME = beyond;
				TargetAttributes = {
					3D5F995F1FF5F2740002B987 = {
						CreatedOnToolsVersion = 9.2;
						ProvisioningStyle = Automatic;
					};
				};
			};
			buildConfigurationList = 3D5F995B1FF5F2740002B987 /* Build configuration list for PBXProject "YSLCustomButton" */;
			compatibilityVersion = "Xcode 8.0";
			developmentRegion = en;
			hasScannedForEncodings = 0;
			knownRegions = (
				en,
				Base,
			);
			mainGroup = 3D5F99571FF5F2740002B987;
			productRefGroup = 3D5F99611FF5F2740002B987 /* Products */;
			projectDirPath = "";
			projectRoot = "";
			targets = (
				3D5F995F1FF5F2740002B987 /* YSLCustomButton */,
			);
		};
/* End PBXProject section */

/* Begin PBXResourcesBuildPhase section */
		3D5F995E1FF5F2740002B987 /* Resources */ = {
			isa = PBXResourcesBuildPhase;
			buildActionMask = 2147483647;
			files = (
				3D5F99701FF5F2740002B987 /* LaunchScreen.storyboard in Resources */,
				3D5F996D1FF5F2740002B987 /* Assets.xcassets in Resources */,
				3D5F996B1FF5F2740002B987 /* Main.storyboard in Resources */,
			);
			runOnlyForDeploymentPostprocessing = 0;
		};
/* End PBXResourcesBuildPhase section */

/* Begin PBXSourcesBuildPhase section */
		3D5F995C1FF5F2740002B987 /* Sources */ = {
			isa = PBXSourcesBuildPhase;
			buildActionMask = 2147483647;
			files = (
				3D5F99681FF5F2740002B987 /* ViewController.m in Sources */,
				3D5F99731FF5F2740002B987 /* main.m in Sources */,
				3D5F99651FF5F2740002B987 /* AppDelegate.m in Sources */,
				3D5F997C1FF5F2E70002B987 /* YSLCustomButton.m in Sources */,
			);
			runOnlyForDeploymentPostprocessing = 0;
		};
/* End PBXSourcesBuildPhase section */

/* Begin PBXVariantGroup section */
		3D5F99691FF5F2740002B987 /* Main.storyboard */ = {
			isa = PBXVariantGroup;
			children = (
				3D5F996A1FF5F2740002B987 /* Base */,
			);
			name = Main.storyboard;
			sourceTree = "<group>";
		};
		3D5F996E1FF5F2740002B987 /* LaunchScreen.storyboard */ = {
			isa = PBXVariantGroup;
			children = (
				3D5F996F1FF5F2740002B987 /* Base */,
			);
			name = LaunchScreen.storyboard;
			sourceTree = "<group>";
		};
/* End PBXVariantGroup section */

/* Begin XCBuildConfiguration section */
		3D5F99741FF5F2740002B987 /* Debug */ = {
			isa = XCBuildConfiguration;
			buildSettings = {
				ALWAYS_SEARCH_USER_PATHS = NO;
				CLANG_ANALYZER_NONNULL = YES;
				CLANG_ANALYZER_NUMBER_OBJECT_CONVERSION = YES_AGGRESSIVE;
				CLANG_CXX_LANGUAGE_STANDARD = "gnu++14";
				CLANG_CXX_LIBRARY = "libc++";
				CLANG_ENABLE_MODULES = YES;
				CLANG_ENABLE_OBJC_ARC = YES;
				CLANG_WARN_BLOCK_CAPTURE_AUTORELEASING = YES;
				CLANG_WARN_BOOL_CONVERSION = YES;
				CLANG_WARN_COMMA = YES;
				CLANG_WARN_CONSTANT_CONVERSION = YES;
				CLANG_WARN_DIRECT_OBJC_ISA_USAGE = YES_ERROR;
				CLANG_WARN_DOCUMENTATION_COMMENTS = YES;
				CLANG_WARN_EMPTY_BODY = YES;
				CLANG_WARN_ENUM_CONVERSION = YES;
				CLANG_WARN_INFINITE_RECURSION = YES;
				CLANG_WARN_INT_CONVERSION = YES;
				CLANG_WARN_NON_LITERAL_NULL_CONVERSION = YES;
				CLANG_WARN_OBJC_LITERAL_CONVERSION = YES;
				CLANG_WARN_OBJC_ROOT_CLASS = YES_ERROR;
				CLANG_WARN_RANGE_LOOP_ANALYSIS = YES;
				CLANG_WARN_STRICT_PROTOTYPES = YES;
				CLANG_WARN_SUSPICIOUS_MOVE = YES;
				CLANG_WARN_UNGUARDED_AVAILABILITY = YES_AGGRESSIVE;
				CLANG_WARN_UNREACHABLE_CODE = YES;
				CLANG_WARN__DUPLICATE_METHOD_MATCH = YES;
				CODE_SIGN_IDENTITY = "iPhone Developer";
				COPY_PHASE_STRIP = NO;
				DEBUG_INFORMATION_FORMAT = dwarf;
				ENABLE_STRICT_OBJC_MSGSEND = YES;
				ENABLE_TESTABILITY = YES;
				GCC_C_LANGUAGE_STANDARD = gnu11;
				GCC_DYNAMIC_NO_PIC = NO;
				GCC_NO_COMMON_BLOCKS = YES;
				GCC_OPTIMIZATION_LEVEL = 0;
				GCC_PREPROCESSOR_DEFINITIONS = (
					"DEBUG=1",
					"$(inherited)",
				);
				GCC_WARN_64_TO_32_BIT_CONVERSION = YES;
				GCC_WARN_ABOUT_RETURN_TYPE = YES_ERROR;
				GCC_WARN_UNDECLARED_SELECTOR = YES;
				GCC_WARN_UNINITIALIZED_AUTOS = YES_AGGRESSIVE;
				GCC_WARN_UNUSED_FUNCTION = YES;
				GCC_WARN_UNUSED_VARIABLE = YES;
				IPHONEOS_DEPLOYMENT_TARGET = 11.2;
				MTL_ENABLE_DEBUG_INFO = YES;
				ONLY_ACTIVE_ARCH = YES;
				SDKROOT = iphoneos;
			};
			name = Debug;
		};
		3D5F99751FF5F2740002B987 /* Release */ = {
			isa = XCBuildConfiguration;
			buildSettings = {
				ALWAYS_SEARCH_USER_PATHS = NO;
				CLANG_ANALYZER_NONNULL = YES;
				CLANG_ANALYZER_NUMBER_OBJECT_CONVERSION = YES_AGGRESSIVE;
				CLANG_CXX_LANGUAGE_STANDARD = "gnu++14";
				CLANG_CXX_LIBRARY = "libc++";
				CLANG_ENABLE_MODULES = YES;
				CLANG_ENABLE_OBJC_ARC = YES;
				CLANG_WARN_BLOCK_CAPTURE_AUTORELEASING = YES;
				CLANG_WARN_BOOL_CONVERSION = YES;
				CLANG_WARN_COMMA = YES;
				CLANG_WARN_CONSTANT_CONVERSION = YES;
				CLANG_WARN_DIRECT_OBJC_ISA_USAGE = YES_ERROR;
				CLANG_WARN_DOCUMENTATION_COMMENTS = YES;
				CLANG_WARN_EMPTY_BODY = YES;
				CLANG_WARN_ENUM_CONVERSION = YES;
				CLANG_WARN_INFINITE_RECURSION = YES;
				CLANG_WARN_INT_CONVERSION = YES;
				CLANG_WARN_NON_LITERAL_NULL_CONVERSION = YES;
				CLANG_WARN_OBJC_LITERAL_CONVERSION = YES;
				CLANG_WARN_OBJC_ROOT_CLASS = YES_ERROR;
				CLANG_WARN_RANGE_LOOP_ANALYSIS = YES;
				CLANG_WARN_STRICT_PROTOTYPES = YES;
				CLANG_WARN_SUSPICIOUS_MOVE = YES;
				CLANG_WARN_UNGUARDED_AVAILABILITY = YES_AGGRESSIVE;
				CLANG_WARN_UNREACHABLE_CODE = YES;
				CLANG_WARN__DUPLICATE_METHOD_MATCH = YES;
				CODE_SIGN_IDENTITY = "iPhone Developer";
				COPY_PHASE_STRIP = NO;
				DEBUG_INFORMATION_FORMAT = "dwarf-with-dsym";
				ENABLE_NS_ASSERTIONS = NO;
				ENABLE_STRICT_OBJC_MSGSEND = YES;
				GCC_C_LANGUAGE_STANDARD = gnu11;
				GCC_NO_COMMON_BLOCKS = YES;
				GCC_WARN_64_TO_32_BIT_CONVERSION = YES;
				GCC_WARN_ABOUT_RETURN_TYPE = YES_ERROR;
				GCC_WARN_UNDECLARED_SELECTOR = YES;
				GCC_WARN_UNINITIALIZED_AUTOS = YES_AGGRESSIVE;
				GCC_WARN_UNUSED_FUNCTION = YES;
				GCC_WARN_UNUSED_VARIABLE = YES;
				IPHONEOS_DEPLOYMENT_TARGET = 11.2;
				MTL_ENABLE_DEBUG_INFO = NO;
				SDKROOT = iphoneos;
				VALIDATE_PRODUCT = YES;
			};
			name = Release;
		};
		3D5F99771FF5F2740002B987 /* Debug */ = {
			isa = XCBuildConfiguration;
			buildSettings = {
				ASSETCATALOG_COMPILER_APPICON_NAME = AppIcon;
				CODE_SIGN_STYLE = Automatic;
				DEVELOPMENT_TEAM = 6DNGG5ACPF;
				INFOPLIST_FILE = YSLCustomButton/Info.plist;
				LD_RUNPATH_SEARCH_PATHS = "$(inherited) @executable_path/Frameworks";
				PRODUCT_BUNDLE_IDENTIFIER = beyond.YSLCustomButton;
				PRODUCT_NAME = "$(TARGET_NAME)";
				TARGETED_DEVICE_FAMILY = "1,2";
			};
			name = Debug;
		};
		3D5F99781FF5F2740002B987 /* Release */ = {
			isa = XCBuildConfiguration;
			buildSettings = {
				ASSETCATALOG_COMPILER_APPICON_NAME = AppIcon;
				CODE_SIGN_STYLE = Automatic;
				DEVELOPMENT_TEAM = 6DNGG5ACPF;
				INFOPLIST_FILE = YSLCustomButton/Info.plist;
				LD_RUNPATH_SEARCH_PATHS = "$(inherited) @executable_path/Frameworks";
				PRODUCT_BUNDLE_IDENTIFIER = beyond.YSLCustomButton;
				PRODUCT_NAME = "$(TARGET_NAME)";
				TARGETED_DEVICE_FAMILY = "1,2";
			};
			name = Release;
		};
/* End XCBuildConfiguration section */

/* Begin XCConfigurationList section */
		3D5F995B1FF5F2740002B987 /* Build configuration list for PBXProject "YSLCustomButton" */ = {
			isa = XCConfigurationList;
			buildConfigurations = (
				3D5F99741FF5F2740002B987 /* Debug */,
				3D5F99751FF5F2740002B987 /* Release */,
			);
			defaultConfigurationIsVisible = 0;
			defaultConfigurationName = Release;
		};
		3D5F99761FF5F2740002B987 /* Build configuration list for PBXNativeTarget "YSLCustomButton" */ = {
			isa = XCConfigurationList;
			buildConfigurations = (
				3D5F99771FF5F2740002B987 /* Debug */,
				3D5F99781FF5F2740002B987 /* Release */,
			);
			defaultConfigurationIsVisible = 0;
			defaultConfigurationName = Release;
		};
/* End XCConfigurationList section */
	};
	rootObject = 3D5F99581FF5F2740002B987 /* Project object */;
}
